// !$*UTF8*$!
{
	archiveVersion = 1;
	classes = {
	};
	objectVersion = 77;
	objects = {

/* Begin PBXBuildFile section */
		026E8C362CD94EF4000439E0 /* README.md in Resources */ = {isa = PBXBuildFile; fileRef = 026E8C352CD94EEC000439E0 /* README.md */; };
/* End PBXBuildFile section */

/* Begin PBXContainerItemProxy section */
		026E8B2C2CD94846000439E0 /* PBXContainerItemProxy */ = {
			isa = PBXContainerItemProxy;
			containerPortal = 026E8B0D2CD94845000439E0 /* Project object */;
			proxyType = 1;
			remoteGlobalIDString = 026E8B142CD94845000439E0;
			remoteInfo = TIAMAT;
		};
		026E8B362CD94846000439E0 /* PBXContainerItemProxy */ = {
			isa = PBXContainerItemProxy;
			containerPortal = 026E8B0D2CD94845000439E0 /* Project object */;
			proxyType = 1;
			remoteGlobalIDString = 026E8B142CD94845000439E0;
			remoteInfo = TIAMAT;
		};
/* End PBXContainerItemProxy section */

/* Begin PBXFileReference section */
		026E8B152CD94845000439E0 /* TIAMAT.app */ = {isa = PBXFileReference; explicitFileType = wrapper.application; includeInIndex = 0; path = TIAMAT.app; sourceTree = BUILT_PRODUCTS_DIR; };
		026E8B2B2CD94846000439E0 /* TIAMATTests.xctest */ = {isa = PBXFileReference; explicitFileType = wrapper.cfbundle; includeInIndex = 0; path = TIAMATTests.xctest; sourceTree = BUILT_PRODUCTS_DIR; };
		026E8B352CD94846000439E0 /* TIAMATUITests.xctest */ = {isa = PBXFileReference; explicitFileType = wrapper.cfbundle; includeInIndex = 0; path = TIAMATUITests.xctest; sourceTree = BUILT_PRODUCTS_DIR; };
		026E8C352CD94EEC000439E0 /* README.md */ = {isa = PBXFileReference; lastKnownFileType = net.daringfireball.markdown; path = README.md; sourceTree = "<group>"; };
/* End PBXFileReference section */

/* Begin PBXFileSystemSynchronizedBuildFileExceptionSet section */
		026E8B3D2CD94846000439E0 /* Exceptions for "TIAMAT" folder in "TIAMAT" target */ = {
			isa = PBXFileSystemSynchronizedBuildFileExceptionSet;
			membershipExceptions = (
				Info.plist,
			);
			target = 026E8B142CD94845000439E0 /* TIAMAT */;
		};
/* End PBXFileSystemSynchronizedBuildFileExceptionSet section */

/* Begin PBXFileSystemSynchronizedRootGroup section */
		026E8B172CD94845000439E0 /* TIAMAT */ = {
			isa = PBXFileSystemSynchronizedRootGroup;
			exceptions = (
				026E8B3D2CD94846000439E0 /* Exceptions for "TIAMAT" folder in "TIAMAT" target */,
			);
			path = TIAMAT;
			sourceTree = "<group>";
		};
		026E8B2E2CD94846000439E0 /* TIAMATTests */ = {
			isa = PBXFileSystemSynchronizedRootGroup;
			path = TIAMATTests;
			sourceTree = "<group>";
		};
		026E8B382CD94846000439E0 /* TIAMATUITests */ = {
			isa = PBXFileSystemSynchronizedRootGroup;
			path = TIAMATUITests;
			sourceTree = "<group>";
		};
/* End PBXFileSystemSynchronizedRootGroup section */

/* Begin PBXFrameworksBuildPhase section */
		026E8B122CD94845000439E0 /* Frameworks */ = {
			isa = PBXFrameworksBuildPhase;
			buildActionMask = 2147483647;
			files = (
			);
			runOnlyForDeploymentPostprocessing = 0;
		};
		026E8B282CD94846000439E0 /* Frameworks */ = {
			isa = PBXFrameworksBuildPhase;
			buildActionMask = 2147483647;
			files = (
			);
			runOnlyForDeploymentPostprocessing = 0;
		};
		026E8B322CD94846000439E0 /* Frameworks */ = {
			isa = PBXFrameworksBuildPhase;
			buildActionMask = 2147483647;
			files = (
			);
			runOnlyForDeploymentPostprocessing = 0;
		};
/* End PBXFrameworksBuildPhase section */

/* Begin PBXGroup section */
		026E8B0C2CD94845000439E0 = {
			isa = PBXGroup;
			children = (
				026E8C352CD94EEC000439E0 /* README.md */,
				026E8B172CD94845000439E0 /* TIAMAT */,
				026E8B2E2CD94846000439E0 /* TIAMATTests */,
				026E8B382CD94846000439E0 /* TIAMATUITests */,
				026E8B162CD94845000439E0 /* Products */,
			);
			sourceTree = "<group>";
		};
		026E8B162CD94845000439E0 /* Products */ = {
			isa = PBXGroup;
			children = (
				026E8B152CD94845000439E0 /* TIAMAT.app */,
				026E8B2B2CD94846000439E0 /* TIAMATTests.xctest */,
				026E8B352CD94846000439E0 /* TIAMATUITests.xctest */,
			);
			name = Products;
			sourceTree = "<group>";
		};
/* End PBXGroup section */

/* Begin PBXNativeTarget section */
		026E8B142CD94845000439E0 /* TIAMAT */ = {
			isa = PBXNativeTarget;
			buildConfigurationList = 026E8B3E2CD94846000439E0 /* Build configuration list for PBXNativeTarget "TIAMAT" */;
			buildPhases = (
				026E8B112CD94845000439E0 /* Sources */,
				026E8B122CD94845000439E0 /* Frameworks */,
				026E8B132CD94845000439E0 /* Resources */,
			);
			buildRules = (
			);
			dependencies = (
			);
			fileSystemSynchronizedGroups = (
				026E8B172CD94845000439E0 /* TIAMAT */,
			);
			name = TIAMAT;
			packageProductDependencies = (
			);
			productName = TIAMAT;
			productReference = 026E8B152CD94845000439E0 /* TIAMAT.app */;
			productType = "com.apple.product-type.application";
		};
		026E8B2A2CD94846000439E0 /* TIAMATTests */ = {
			isa = PBXNativeTarget;
			buildConfigurationList = 026E8B432CD94846000439E0 /* Build configuration list for PBXNativeTarget "TIAMATTests" */;
			buildPhases = (
				026E8B272CD94846000439E0 /* Sources */,
				026E8B282CD94846000439E0 /* Frameworks */,
				026E8B292CD94846000439E0 /* Resources */,
			);
			buildRules = (
			);
			dependencies = (
				026E8B2D2CD94846000439E0 /* PBXTargetDependency */,
			);
			fileSystemSynchronizedGroups = (
				026E8B2E2CD94846000439E0 /* TIAMATTests */,
			);
			name = TIAMATTests;
			packageProductDependencies = (
			);
			productName = TIAMATTests;
			productReference = 026E8B2B2CD94846000439E0 /* TIAMATTests.xctest */;
			productType = "com.apple.product-type.bundle.unit-test";
		};
		026E8B342CD94846000439E0 /* TIAMATUITests */ = {
			isa = PBXNativeTarget;
			buildConfigurationList = 026E8B462CD94846000439E0 /* Build configuration list for PBXNativeTarget "TIAMATUITests" */;
			buildPhases = (
				026E8B312CD94846000439E0 /* Sources */,
				026E8B322CD94846000439E0 /* Frameworks */,
				026E8B332CD94846000439E0 /* Resources */,
			);
			buildRules = (
			);
			dependencies = (
				026E8B372CD94846000439E0 /* PBXTargetDependency */,
			);
			fileSystemSynchronizedGroups = (
				026E8B382CD94846000439E0 /* TIAMATUITests */,
			);
			name = TIAMATUITests;
			packageProductDependencies = (
			);
			productName = TIAMATUITests;
			productReference = 026E8B352CD94846000439E0 /* TIAMATUITests.xctest */;
			productType = "com.apple.product-type.bundle.ui-testing";
		};
/* End PBXNativeTarget section */

/* Begin PBXProject section */
		026E8B0D2CD94845000439E0 /* Project object */ = {
			isa = PBXProject;
			attributes = {
				BuildIndependentTargetsInParallel = 1;
				LastSwiftUpdateCheck = 1610;
				LastUpgradeCheck = 1610;
				TargetAttributes = {
					026E8B142CD94845000439E0 = {
						CreatedOnToolsVersion = 16.1;
					};
					026E8B2A2CD94846000439E0 = {
						CreatedOnToolsVersion = 16.1;
						TestTargetID = 026E8B142CD94845000439E0;
					};
					026E8B342CD94846000439E0 = {
						CreatedOnToolsVersion = 16.1;
						TestTargetID = 026E8B142CD94845000439E0;
					};
				};
			};
			buildConfigurationList = 026E8B102CD94845000439E0 /* Build configuration list for PBXProject "TIAMAT" */;
			developmentRegion = en;
			hasScannedForEncodings = 0;
			knownRegions = (
				en,
				Base,
			);
			mainGroup = 026E8B0C2CD94845000439E0;
			minimizedProjectReferenceProxies = 1;
			preferredProjectObjectVersion = 77;
			productRefGroup = 026E8B162CD94845000439E0 /* Products */;
			projectDirPath = "";
			projectRoot = "";
			targets = (
				026E8B142CD94845000439E0 /* TIAMAT */,
				026E8B2A2CD94846000439E0 /* TIAMATTests */,
				026E8B342CD94846000439E0 /* TIAMATUITests */,
			);
		};
/* End PBXProject section */

/* Begin PBXResourcesBuildPhase section */
		026E8B132CD94845000439E0 /* Resources */ = {
			isa = PBXResourcesBuildPhase;
			buildActionMask = 2147483647;
			files = (
				026E8C362CD94EF4000439E0 /* README.md in Resources */,
			);
			runOnlyForDeploymentPostprocessing = 0;
		};
		026E8B292CD94846000439E0 /* Resources */ = {
			isa = PBXResourcesBuildPhase;
			buildActionMask = 2147483647;
			files = (
			);
			runOnlyForDeploymentPostprocessing = 0;
		};
		026E8B332CD94846000439E0 /* Resources */ = {
			isa = PBXResourcesBuildPhase;
			buildActionMask = 2147483647;
			files = (
			);
			runOnlyForDeploymentPostprocessing = 0;
		};
/* End PBXResourcesBuildPhase section */

/* Begin PBXSourcesBuildPhase section */
		026E8B112CD94845000439E0 /* Sources */ = {
			isa = PBXSourcesBuildPhase;
			buildActionMask = 2147483647;
			files = (
			);
			runOnlyForDeploymentPostprocessing = 0;
		};
		026E8B272CD94846000439E0 /* Sources */ = {
			isa = PBXSourcesBuildPhase;
			buildActionMask = 2147483647;
			files = (
			);
			runOnlyForDeploymentPostprocessing = 0;
		};
		026E8B312CD94846000439E0 /* Sources */ = {
			isa = PBXSourcesBuildPhase;
			buildActionMask = 2147483647;
			files = (
			);
			runOnlyForDeploymentPostprocessing = 0;
		};
/* End PBXSourcesBuildPhase section */

/* Begin PBXTargetDependency section */
		026E8B2D2CD94846000439E0 /* PBXTargetDependency */ = {
			isa = PBXTargetDependency;
			target = 026E8B142CD94845000439E0 /* TIAMAT */;
			targetProxy = 026E8B2C2CD94846000439E0 /* PBXContainerItemProxy */;
		};
		026E8B372CD94846000439E0 /* PBXTargetDependency */ = {
			isa = PBXTargetDependency;
			target = 026E8B142CD94845000439E0 /* TIAMAT */;
			targetProxy = 026E8B362CD94846000439E0 /* PBXContainerItemProxy */;
		};
/* End PBXTargetDependency section */

/* Begin XCBuildConfiguration section */
		026E8B3F2CD94846000439E0 /* Debug */ = {
			isa = XCBuildConfiguration;
			buildSettings = {
				API_BASE_URL = "https://d3jbb8n5wk0qxi.cloudfront.net/";
				ASSETCATALOG_COMPILER_APPICON_NAME = AppIcon;
				ASSETCATALOG_COMPILER_GLOBAL_ACCENT_COLOR_NAME = AccentColor;
				CODE_SIGN_STYLE = Automatic;
				CONTENT_PATH = recipes.json;
				CURRENT_PROJECT_VERSION = 1;
				DEVELOPMENT_TEAM = QLP74BV84M;
				EMPTY_CONTENT_PATH = "recipes-empty.json";
				GENERATE_INFOPLIST_FILE = YES;
				INFOPLIST_FILE = TIAMAT/Info.plist;
				INFOPLIST_KEY_UIApplicationSupportsIndirectInputEvents = YES;
				INFOPLIST_KEY_UILaunchStoryboardName = LaunchScreen;
				INFOPLIST_KEY_UISupportedInterfaceOrientations_iPad = "UIInterfaceOrientationPortrait UIInterfaceOrientationPortraitUpsideDown UIInterfaceOrientationLandscapeLeft UIInterfaceOrientationLandscapeRight";
				INFOPLIST_KEY_UISupportedInterfaceOrientations_iPhone = "UIInterfaceOrientationPortrait UIInterfaceOrientationLandscapeLeft UIInterfaceOrientationLandscapeRight";
				LD_RUNPATH_SEARCH_PATHS = (
					"$(inherited)",
					"@executable_path/Frameworks",
				);
				MALFORMED_CONTENT_PATH = "recipes-malformed.json";
				MARKETING_VERSION = 1.0;
				PRODUCT_BUNDLE_IDENTIFIER = lakonic.TIAMAT;
				PRODUCT_NAME = "$(TARGET_NAME)";
				SWIFT_EMIT_LOC_STRINGS = YES;
				SWIFT_VERSION = 5.0;
				TARGETED_DEVICE_FAMILY = "1,2";
			};
			name = Debug;
		};
		026E8B402CD94846000439E0 /* Release */ = {
			isa = XCBuildConfiguration;
			buildSettings = {
				API_BASE_URL = "https://d3jbb8n5wk0qxi.cloudfront.net/";
				ASSETCATALOG_COMPILER_APPICON_NAME = AppIcon;
				ASSETCATALOG_COMPILER_GLOBAL_ACCENT_COLOR_NAME = AccentColor;
				CODE_SIGN_STYLE = Automatic;
				CONTENT_PATH = recipes.json;
				CURRENT_PROJECT_VERSION = 1;
				DEVELOPMENT_TEAM = QLP74BV84M;
				EMPTY_CONTENT_PATH = "recipes-empty.json";
				GENERATE_INFOPLIST_FILE = YES;
				INFOPLIST_FILE = TIAMAT/Info.plist;
				INFOPLIST_KEY_UIApplicationSupportsIndirectInputEvents = YES;
				INFOPLIST_KEY_UILaunchStoryboardName = LaunchScreen;
				INFOPLIST_KEY_UISupportedInterfaceOrientations_iPad = "UIInterfaceOrientationPortrait UIInterfaceOrientationPortraitUpsideDown UIInterfaceOrientationLandscapeLeft UIInterfaceOrientationLandscapeRight";
				INFOPLIST_KEY_UISupportedInterfaceOrientations_iPhone = "UIInterfaceOrientationPortrait UIInterfaceOrientationLandscapeLeft UIInterfaceOrientationLandscapeRight";
				LD_RUNPATH_SEARCH_PATHS = (
					"$(inherited)",
					"@executable_path/Frameworks",
				);
				MALFORMED_CONTENT_PATH = "recipes-malformed.json";
				MARKETING_VERSION = 1.0;
				PRODUCT_BUNDLE_IDENTIFIER = lakonic.TIAMAT;
				PRODUCT_NAME = "$(TARGET_NAME)";
				SWIFT_EMIT_LOC_STRINGS = YES;
				SWIFT_VERSION = 5.0;
				TARGETED_DEVICE_FAMILY = "1,2";
			};
			name = Release;
		};
		026E8B412CD94846000439E0 /* Debug */ = {
			isa = XCBuildConfiguration;
			buildSettings = {
				ALWAYS_SEARCH_USER_PATHS = NO;
				ASSETCATALOG_COMPILER_GENERATE_SWIFT_ASSET_SYMBOL_EXTENSIONS = YES;
				CLANG_ANALYZER_NONNULL = YES;
				CLANG_ANALYZER_NUMBER_OBJECT_CONVERSION = YES_AGGRESSIVE;
				CLANG_CXX_LANGUAGE_STANDARD = "gnu++20";
				CLANG_ENABLE_MODULES = YES;
				CLANG_ENABLE_OBJC_ARC = YES;
				CLANG_ENABLE_OBJC_WEAK = YES;
				CLANG_WARN_BLOCK_CAPTURE_AUTORELEASING = YES;
				CLANG_WARN_BOOL_CONVERSION = YES;
				CLANG_WARN_COMMA = YES;
				CLANG_WARN_CONSTANT_CONVERSION = YES;
				CLANG_WARN_DEPRECATED_OBJC_IMPLEMENTATIONS = YES;
				CLANG_WARN_DIRECT_OBJC_ISA_USAGE = YES_ERROR;
				CLANG_WARN_DOCUMENTATION_COMMENTS = YES;
				CLANG_WARN_EMPTY_BODY = YES;
				CLANG_WARN_ENUM_CONVERSION = YES;
				CLANG_WARN_INFINITE_RECURSION = YES;
				CLANG_WARN_INT_CONVERSION = YES;
				CLANG_WARN_NON_LITERAL_NULL_CONVERSION = YES;
				CLANG_WARN_OBJC_IMPLICIT_RETAIN_SELF = YES;
				CLANG_WARN_OBJC_LITERAL_CONVERSION = YES;
				CLANG_WARN_OBJC_ROOT_CLASS = YES_ERROR;
				CLANG_WARN_QUOTED_INCLUDE_IN_FRAMEWORK_HEADER = YES;
				CLANG_WARN_RANGE_LOOP_ANALYSIS = YES;
				CLANG_WARN_STRICT_PROTOTYPES = YES;
				CLANG_WARN_SUSPICIOUS_MOVE = YES;
				CLANG_WARN_UNGUARDED_AVAILABILITY = YES_AGGRESSIVE;
				CLANG_WARN_UNREACHABLE_CODE = YES;
				CLANG_WARN__DUPLICATE_METHOD_MATCH = YES;
				COPY_PHASE_STRIP = NO;
				DEBUG_INFORMATION_FORMAT = dwarf;
				ENABLE_STRICT_OBJC_MSGSEND = YES;
				ENABLE_TESTABILITY = YES;
				ENABLE_USER_SCRIPT_SANDBOXING = YES;
				GCC_C_LANGUAGE_STANDARD = gnu17;
				GCC_DYNAMIC_NO_PIC = NO;
				GCC_NO_COMMON_BLOCKS = YES;
				GCC_OPTIMIZATION_LEVEL = 0;
				GCC_PREPROCESSOR_DEFINITIONS = (
					"DEBUG=1",
					"$(inherited)",
				);
				GCC_WARN_64_TO_32_BIT_CONVERSION = YES;
				GCC_WARN_ABOUT_RETURN_TYPE = YES_ERROR;
				GCC_WARN_UNDECLARED_SELECTOR = YES;
				GCC_WARN_UNINITIALIZED_AUTOS = YES_AGGRESSIVE;
				GCC_WARN_UNUSED_FUNCTION = YES;
				GCC_WARN_UNUSED_VARIABLE = YES;
				IPHONEOS_DEPLOYMENT_TARGET = 18.1;
				LOCALIZATION_PREFERS_STRING_CATALOGS = YES;
				MTL_ENABLE_DEBUG_INFO = INCLUDE_SOURCE;
				MTL_FAST_MATH = YES;
				ONLY_ACTIVE_ARCH = YES;
				SDKROOT = iphoneos;
				SWIFT_ACTIVE_COMPILATION_CONDITIONS = "DEBUG $(inherited)";
				SWIFT_OPTIMIZATION_LEVEL = "-Onone";
			};
			name = Debug;
		};
		026E8B422CD94846000439E0 /* Release */ = {
			isa = XCBuildConfiguration;
			buildSettings = {
				ALWAYS_SEARCH_USER_PATHS = NO;
				ASSETCATALOG_COMPILER_GENERATE_SWIFT_ASSET_SYMBOL_EXTENSIONS = YES;
				CLANG_ANALYZER_NONNULL = YES;
				CLANG_ANALYZER_NUMBER_OBJECT_CONVERSION = YES_AGGRESSIVE;
				CLANG_CXX_LANGUAGE_STANDARD = "gnu++20";
				CLANG_ENABLE_MODULES = YES;
				CLANG_ENABLE_OBJC_ARC = YES;
				CLANG_ENABLE_OBJC_WEAK = YES;
				CLANG_WARN_BLOCK_CAPTURE_AUTORELEASING = YES;
				CLANG_WARN_BOOL_CONVERSION = YES;
				CLANG_WARN_COMMA = YES;
				CLANG_WARN_CONSTANT_CONVERSION = YES;
				CLANG_WARN_DEPRECATED_OBJC_IMPLEMENTATIONS = YES;
				CLANG_WARN_DIRECT_OBJC_ISA_USAGE = YES_ERROR;
				CLANG_WARN_DOCUMENTATION_COMMENTS = YES;
				CLANG_WARN_EMPTY_BODY = YES;
				CLANG_WARN_ENUM_CONVERSION = YES;
				CLANG_WARN_INFINITE_RECURSION = YES;
				CLANG_WARN_INT_CONVERSION = YES;
				CLANG_WARN_NON_LITERAL_NULL_CONVERSION = YES;
				CLANG_WARN_OBJC_IMPLICIT_RETAIN_SELF = YES;
				CLANG_WARN_OBJC_LITERAL_CONVERSION = YES;
				CLANG_WARN_OBJC_ROOT_CLASS = YES_ERROR;
				CLANG_WARN_QUOTED_INCLUDE_IN_FRAMEWORK_HEADER = YES;
				CLANG_WARN_RANGE_LOOP_ANALYSIS = YES;
				CLANG_WARN_STRICT_PROTOTYPES = YES;
				CLANG_WARN_SUSPICIOUS_MOVE = YES;
				CLANG_WARN_UNGUARDED_AVAILABILITY = YES_AGGRESSIVE;
				CLANG_WARN_UNREACHABLE_CODE = YES;
				CLANG_WARN__DUPLICATE_METHOD_MATCH = YES;
				COPY_PHASE_STRIP = NO;
				DEBUG_INFORMATION_FORMAT = "dwarf-with-dsym";
				ENABLE_NS_ASSERTIONS = NO;
				ENABLE_STRICT_OBJC_MSGSEND = YES;
				ENABLE_USER_SCRIPT_SANDBOXING = YES;
				GCC_C_LANGUAGE_STANDARD = gnu17;
				GCC_NO_COMMON_BLOCKS = YES;
				GCC_WARN_64_TO_32_BIT_CONVERSION = YES;
				GCC_WARN_ABOUT_RETURN_TYPE = YES_ERROR;
				GCC_WARN_UNDECLARED_SELECTOR = YES;
				GCC_WARN_UNINITIALIZED_AUTOS = YES_AGGRESSIVE;
				GCC_WARN_UNUSED_FUNCTION = YES;
				GCC_WARN_UNUSED_VARIABLE = YES;
				IPHONEOS_DEPLOYMENT_TARGET = 18.1;
				LOCALIZATION_PREFERS_STRING_CATALOGS = YES;
				MTL_ENABLE_DEBUG_INFO = NO;
				MTL_FAST_MATH = YES;
				SDKROOT = iphoneos;
				SWIFT_COMPILATION_MODE = wholemodule;
				VALIDATE_PRODUCT = YES;
			};
			name = Release;
		};
		026E8B442CD94846000439E0 /* Debug */ = {
			isa = XCBuildConfiguration;
			buildSettings = {
				BUNDLE_LOADER = "$(TEST_HOST)";
				CODE_SIGN_STYLE = Automatic;
				CURRENT_PROJECT_VERSION = 1;
				DEVELOPMENT_TEAM = QLP74BV84M;
				GENERATE_INFOPLIST_FILE = YES;
				IPHONEOS_DEPLOYMENT_TARGET = 18.1;
				MARKETING_VERSION = 1.0;
				PRODUCT_BUNDLE_IDENTIFIER = lakonic.TIAMATTests;
				PRODUCT_NAME = "$(TARGET_NAME)";
				SWIFT_EMIT_LOC_STRINGS = NO;
				SWIFT_VERSION = 5.0;
				TARGETED_DEVICE_FAMILY = "1,2";
				TEST_HOST = "$(BUILT_PRODUCTS_DIR)/TIAMAT.app/$(BUNDLE_EXECUTABLE_FOLDER_PATH)/TIAMAT";
			};
			name = Debug;
		};
		026E8B452CD94846000439E0 /* Release */ = {
			isa = XCBuildConfiguration;
			buildSettings = {
				BUNDLE_LOADER = "$(TEST_HOST)";
				CODE_SIGN_STYLE = Automatic;
				CURRENT_PROJECT_VERSION = 1;
				DEVELOPMENT_TEAM = QLP74BV84M;
				GENERATE_INFOPLIST_FILE = YES;
				IPHONEOS_DEPLOYMENT_TARGET = 18.1;
				MARKETING_VERSION = 1.0;
				PRODUCT_BUNDLE_IDENTIFIER = lakonic.TIAMATTests;
				PRODUCT_NAME = "$(TARGET_NAME)";
				SWIFT_EMIT_LOC_STRINGS = NO;
				SWIFT_VERSION = 5.0;
				TARGETED_DEVICE_FAMILY = "1,2";
				TEST_HOST = "$(BUILT_PRODUCTS_DIR)/TIAMAT.app/$(BUNDLE_EXECUTABLE_FOLDER_PATH)/TIAMAT";
			};
			name = Release;
		};
		026E8B472CD94846000439E0 /* Debug */ = {
			isa = XCBuildConfiguration;
			buildSettings = {
				CODE_SIGN_STYLE = Automatic;
				CURRENT_PROJECT_VERSION = 1;
				DEVELOPMENT_TEAM = QLP74BV84M;
				GENERATE_INFOPLIST_FILE = YES;
				MARKETING_VERSION = 1.0;
				PRODUCT_BUNDLE_IDENTIFIER = lakonic.TIAMATUITests;
				PRODUCT_NAME = "$(TARGET_NAME)";
				SWIFT_EMIT_LOC_STRINGS = NO;
				SWIFT_VERSION = 5.0;
				TARGETED_DEVICE_FAMILY = "1,2";
				TEST_TARGET_NAME = TIAMAT;
			};
			name = Debug;
		};
		026E8B482CD94846000439E0 /* Release */ = {
			isa = XCBuildConfiguration;
			buildSettings = {
				CODE_SIGN_STYLE = Automatic;
				CURRENT_PROJECT_VERSION = 1;
				DEVELOPMENT_TEAM = QLP74BV84M;
				GENERATE_INFOPLIST_FILE = YES;
				MARKETING_VERSION = 1.0;
				PRODUCT_BUNDLE_IDENTIFIER = lakonic.TIAMATUITests;
				PRODUCT_NAME = "$(TARGET_NAME)";
				SWIFT_EMIT_LOC_STRINGS = NO;
				SWIFT_VERSION = 5.0;
				TARGETED_DEVICE_FAMILY = "1,2";
				TEST_TARGET_NAME = TIAMAT;
			};
			name = Release;
		};
/* End XCBuildConfiguration section */

/* Begin XCConfigurationList section */
		026E8B102CD94845000439E0 /* Build configuration list for PBXProject "TIAMAT" */ = {
			isa = XCConfigurationList;
			buildConfigurations = (
				026E8B412CD94846000439E0 /* Debug */,
				026E8B422CD94846000439E0 /* Release */,
			);
			defaultConfigurationIsVisible = 0;
			defaultConfigurationName = Release;
		};
		026E8B3E2CD94846000439E0 /* Build configuration list for PBXNativeTarget "TIAMAT" */ = {
			isa = XCConfigurationList;
			buildConfigurations = (
				026E8B3F2CD94846000439E0 /* Debug */,
				026E8B402CD94846000439E0 /* Release */,
			);
			defaultConfigurationIsVisible = 0;
			defaultConfigurationName = Release;
		};
		026E8B432CD94846000439E0 /* Build configuration list for PBXNativeTarget "TIAMATTests" */ = {
			isa = XCConfigurationList;
			buildConfigurations = (
				026E8B442CD94846000439E0 /* Debug */,
				026E8B452CD94846000439E0 /* Release */,
			);
			defaultConfigurationIsVisible = 0;
			defaultConfigurationName = Release;
		};
		026E8B462CD94846000439E0 /* Build configuration list for PBXNativeTarget "TIAMATUITests" */ = {
			isa = XCConfigurationList;
			buildConfigurations = (
				026E8B472CD94846000439E0 /* Debug */,
				026E8B482CD94846000439E0 /* Release */,
			);
			defaultConfigurationIsVisible = 0;
			defaultConfigurationName = Release;
		};
/* End XCConfigurationList section */
	};
	rootObject = 026E8B0D2CD94845000439E0 /* Project object */;
}
